{
  "requires": true,
  "lockfileVersion": 1,
  "dependencies": {
    "frappe-charts": {
      "version": "0.0.4",
      "resolved": "http://desa.monsync.net:4873/frappe-charts/-/frappe-charts-0.0.4.tgz",
      "integrity": "sha512-vB0W93H8Wnrfd+3bAML6nTkm+B1Hp328xje8XTTGg2IiLgxlCsZ7o2nK3jrtd5A9x+yqvureKbcjylt9LWSGDA=="
    }
  }
}
